
Microsoft Visual Studio Solution File, Format Version 12.00
# Visual Studio Version 16
VisualStudioVersion = 16.0.30503.244
MinimumVisualStudioVersion = 10.0.40219.1
Project("{8BC9CEB8-8B4A-11D0-8D11-00A0C91BC942}") = "BryxParser", "BryxParser\BryxParser.vcxitems", "{EFEFD3EE-DF52-413B-AF1C-DFA52564E464}"
EndProject
Project("{8BC9CEB8-8B4A-11D0-8D11-00A0C91BC942}") = "numbers", "numbers\numbers.vcxproj", "{70C64CD5-608D-4C7A-81E5-1E0BC410B5D5}"
EndProject
Project("{8BC9CEB8-8B4A-11D0-8D11-00A0C91BC942}") = "BryxTest", "BryxTest\BryxTest.vcxproj", "{01581F57-4117-47F9-A36F-F7C809EA7315}"
EndProject
Project("{8BC9CEB8-8B4A-11D0-8D11-00A0C91BC942}") = "DfxParser", "DfxParser\DfxParser.vcxitems", "{FDDCB0FD-BE64-41D7-8422-D9CCFB398CF0}"
EndProject
Project("{8BC9CEB8-8B4A-11D0-8D11-00A0C91BC942}") = "DfxTest", "DfxTest\DfxTest.vcxproj", "{276B321B-51FA-41A0-9E90-D910F2BB8EF3}"
EndProject
Global
	GlobalSection(SharedMSBuildProjectFiles) = preSolution
		BryxParser\BryxParser.vcxitems*{01581f57-4117-47f9-a36f-f7c809ea7315}*SharedItemsImports = 4
		BryxParser\BryxParser.vcxitems*{276b321b-51fa-41a0-9e90-d910f2bb8ef3}*SharedItemsImports = 4
		DfxParser\DfxParser.vcxitems*{276b321b-51fa-41a0-9e90-d910f2bb8ef3}*SharedItemsImports = 4
		BryxParser\BryxParser.vcxitems*{70c64cd5-608d-4c7a-81e5-1e0bc410b5d5}*SharedItemsImports = 4
		BryxParser\BryxParser.vcxitems*{efefd3ee-df52-413b-af1c-dfa52564e464}*SharedItemsImports = 9
		DfxParser\DfxParser.vcxitems*{fddcb0fd-be64-41d7-8422-d9ccfb398cf0}*SharedItemsImports = 9
	EndGlobalSection
	GlobalSection(SolutionConfigurationPlatforms) = preSolution
		Debug|x64 = Debug|x64
		Debug|x86 = Debug|x86
		Release|x64 = Release|x64
		Release|x86 = Release|x86
	EndGlobalSection
	GlobalSection(ProjectConfigurationPlatforms) = postSolution
		{70C64CD5-608D-4C7A-81E5-1E0BC410B5D5}.Debug|x64.ActiveCfg = Debug|x64
		{70C64CD5-608D-4C7A-81E5-1E0BC410B5D5}.Debug|x64.Build.0 = Debug|x64
		{70C64CD5-608D-4C7A-81E5-1E0BC410B5D5}.Debug|x86.ActiveCfg = Debug|Win32
		{70C64CD5-608D-4C7A-81E5-1E0BC410B5D5}.Debug|x86.Build.0 = Debug|Win32
		{70C64CD5-608D-4C7A-81E5-1E0BC410B5D5}.Release|x64.ActiveCfg = Release|x64
		{70C64CD5-608D-4C7A-81E5-1E0BC410B5D5}.Release|x64.Build.0 = Release|x64
		{70C64CD5-608D-4C7A-81E5-1E0BC410B5D5}.Release|x86.ActiveCfg = Release|Win32
		{70C64CD5-608D-4C7A-81E5-1E0BC410B5D5}.Release|x86.Build.0 = Release|Win32
		{01581F57-4117-47F9-A36F-F7C809EA7315}.Debug|x64.ActiveCfg = Debug|x64
		{01581F57-4117-47F9-A36F-F7C809EA7315}.Debug|x64.Build.0 = Debug|x64
		{01581F57-4117-47F9-A36F-F7C809EA7315}.Debug|x86.ActiveCfg = Debug|Win32
		{01581F57-4117-47F9-A36F-F7C809EA7315}.Debug|x86.Build.0 = Debug|Win32
		{01581F57-4117-47F9-A36F-F7C809EA7315}.Release|x64.ActiveCfg = Release|x64
		{01581F57-4117-47F9-A36F-F7C809EA7315}.Release|x64.Build.0 = Release|x64
		{01581F57-4117-47F9-A36F-F7C809EA7315}.Release|x86.ActiveCfg = Release|Win32
		{01581F57-4117-47F9-A36F-F7C809EA7315}.Release|x86.Build.0 = Release|Win32
		{276B321B-51FA-41A0-9E90-D910F2BB8EF3}.Debug|x64.ActiveCfg = Debug|x64
		{276B321B-51FA-41A0-9E90-D910F2BB8EF3}.Debug|x64.Build.0 = Debug|x64
		{276B321B-51FA-41A0-9E90-D910F2BB8EF3}.Debug|x86.ActiveCfg = Debug|Win32
		{276B321B-51FA-41A0-9E90-D910F2BB8EF3}.Debug|x86.Build.0 = Debug|Win32
		{276B321B-51FA-41A0-9E90-D910F2BB8EF3}.Release|x64.ActiveCfg = Release|x64
		{276B321B-51FA-41A0-9E90-D910F2BB8EF3}.Release|x64.Build.0 = Release|x64
		{276B321B-51FA-41A0-9E90-D910F2BB8EF3}.Release|x86.ActiveCfg = Release|Win32
		{276B321B-51FA-41A0-9E90-D910F2BB8EF3}.Release|x86.Build.0 = Release|Win32
	EndGlobalSection
	GlobalSection(SolutionProperties) = preSolution
		HideSolutionNode = FALSE
	EndGlobalSection
	GlobalSection(ExtensibilityGlobals) = postSolution
		SolutionGuid = {6DDB671B-AA34-480E-B20D-6190CEAF14B9}
	EndGlobalSection
EndGlobal
